
Microsoft Visual Studio Solution File, Format Version 12.00
# Visual Studio Version 17
VisualStudioVersion = 17.6.33829.357
MinimumVisualStudioVersion = 10.0.40219.1
Project("{FAE04EC0-301F-11D3-BF4B-00C04F79EFBC}") = "CUni.Server", "CUni.Server\CUni.Server.csproj", "{D9CCA3EA-AC0B-43A6-AAAE-40695D658C2A}"
EndProject
Project("{FAE04EC0-301F-11D3-BF4B-00C04F79EFBC}") = "CUni.Web", "CUni.Web\CUni.Web.csproj", "{02A8AD3E-9E28-484C-B437-E6003CB2DA59}"
EndProject
Project("{FAE04EC0-301F-11D3-BF4B-00C04F79EFBC}") = "CUni.Shared", "Cuni.Shared\CUni.Shared.csproj", "{807A3051-CA14-434F-9BFA-B2E423CC9585}"
EndProject
Global
	GlobalSection(SolutionConfigurationPlatforms) = preSolution
		Debug|Any CPU = Debug|Any CPU
		Release|Any CPU = Release|Any CPU
	EndGlobalSection
	GlobalSection(ProjectConfigurationPlatforms) = postSolution
		{D9CCA3EA-AC0B-43A6-AAAE-40695D658C2A}.Debug|Any CPU.ActiveCfg = Debug|Any CPU
		{D9CCA3EA-AC0B-43A6-AAAE-40695D658C2A}.Debug|Any CPU.Build.0 = Debug|Any CPU
		{D9CCA3EA-AC0B-43A6-AAAE-40695D658C2A}.Release|Any CPU.ActiveCfg = Release|Any CPU
		{D9CCA3EA-AC0B-43A6-AAAE-40695D658C2A}.Release|Any CPU.Build.0 = Release|Any CPU
		{02A8AD3E-9E28-484C-B437-E6003CB2DA59}.Debug|Any CPU.ActiveCfg = Debug|Any CPU
		{02A8AD3E-9E28-484C-B437-E6003CB2DA59}.Debug|Any CPU.Build.0 = Debug|Any CPU
		{02A8AD3E-9E28-484C-B437-E6003CB2DA59}.Release|Any CPU.ActiveCfg = Release|Any CPU
		{02A8AD3E-9E28-484C-B437-E6003CB2DA59}.Release|Any CPU.Build.0 = Release|Any CPU
		{807A3051-CA14-434F-9BFA-B2E423CC9585}.Debug|Any CPU.ActiveCfg = Debug|Any CPU
		{807A3051-CA14-434F-9BFA-B2E423CC9585}.Debug|Any CPU.Build.0 = Debug|Any CPU
		{807A3051-CA14-434F-9BFA-B2E423CC9585}.Release|Any CPU.ActiveCfg = Release|Any CPU
		{807A3051-CA14-434F-9BFA-B2E423CC9585}.Release|Any CPU.Build.0 = Release|Any CPU
	EndGlobalSection
	GlobalSection(SolutionProperties) = preSolution
		HideSolutionNode = FALSE
	EndGlobalSection
	GlobalSection(ExtensibilityGlobals) = postSolution
		SolutionGuid = {7BA29B99-44FE-4E5C-AD3C-FCEA67B58AF9}
	EndGlobalSection
EndGlobal
